
Microsoft Visual Studio Solution File, Format Version 12.00
# Visual Studio Version 17
VisualStudioVersion = 17.6.33829.357
MinimumVisualStudioVersion = 10.0.40219.1
Project("{FAE04EC0-301F-11D3-BF4B-00C04F79EFBC}") = "Prism0823", "Prism0823\Prism0823.csproj", "{BE223C72-8747-4450-B3DE-CE04C6C18291}"
EndProject
Global
	GlobalSection(SolutionConfigurationPlatforms) = preSolution
		Debug|Any CPU = Debug|Any CPU
		Release|Any CPU = Release|Any CPU
	EndGlobalSection
	GlobalSection(ProjectConfigurationPlatforms) = postSolution
		{BE223C72-8747-4450-B3DE-CE04C6C18291}.Debug|Any CPU.ActiveCfg = Debug|Any CPU
		{BE223C72-8747-4450-B3DE-CE04C6C18291}.Debug|Any CPU.Build.0 = Debug|Any CPU
		{BE223C72-8747-4450-B3DE-CE04C6C18291}.Release|Any CPU.ActiveCfg = Release|Any CPU
		{BE223C72-8747-4450-B3DE-CE04C6C18291}.Release|Any CPU.Build.0 = Release|Any CPU
	EndGlobalSection
	GlobalSection(SolutionProperties) = preSolution
		HideSolutionNode = FALSE
	EndGlobalSection
	GlobalSection(ExtensibilityGlobals) = postSolution
		SolutionGuid = {658F19CC-6F8C-48F1-B1A7-AC61CECF8666}
	EndGlobalSection
EndGlobal
